
Microsoft Visual Studio Solution File, Format Version 12.00
# Visual Studio 14
VisualStudioVersion = 14.0.23107.0
MinimumVisualStudioVersion = 10.0.40219.1
Project("{FAE04EC0-301F-11D3-BF4B-00C04F79EFBC}") = "Unipluss.UniAlltid.Language.API", "Unipluss.UniAlltid.Language.API\Unipluss.UniAlltid.Language.API.csproj", "{F23CE9DC-DC42-4532-9115-AD6BA9399638}"
EndProject
Project("{FAE04EC0-301F-11D3-BF4B-00C04F79EFBC}") = "Unipluss.UniAlltid.Language.Client", "Unipluss.UniAlltid.Language.Client\Unipluss.UniAlltid.Language.Client.csproj", "{46691859-D4D0-45B2-B438-96BF1BF73803}"
EndProject
Global
	GlobalSection(SolutionConfigurationPlatforms) = preSolution
		Debug|Any CPU = Debug|Any CPU
		Release|Any CPU = Release|Any CPU
	EndGlobalSection
	GlobalSection(ProjectConfigurationPlatforms) = postSolution
		{F23CE9DC-DC42-4532-9115-AD6BA9399638}.Debug|Any CPU.ActiveCfg = Debug|Any CPU
		{F23CE9DC-DC42-4532-9115-AD6BA9399638}.Debug|Any CPU.Build.0 = Debug|Any CPU
		{F23CE9DC-DC42-4532-9115-AD6BA9399638}.Release|Any CPU.ActiveCfg = Release|Any CPU
		{F23CE9DC-DC42-4532-9115-AD6BA9399638}.Release|Any CPU.Build.0 = Release|Any CPU
		{46691859-D4D0-45B2-B438-96BF1BF73803}.Debug|Any CPU.ActiveCfg = Debug|Any CPU
		{46691859-D4D0-45B2-B438-96BF1BF73803}.Debug|Any CPU.Build.0 = Debug|Any CPU
		{46691859-D4D0-45B2-B438-96BF1BF73803}.Release|Any CPU.ActiveCfg = Release|Any CPU
		{46691859-D4D0-45B2-B438-96BF1BF73803}.Release|Any CPU.Build.0 = Release|Any CPU
	EndGlobalSection
	GlobalSection(SolutionProperties) = preSolution
		HideSolutionNode = FALSE
	EndGlobalSection
EndGlobal
